{
  "name": "slang-playground",
  "lockfileVersion": 3,
  "requires": true,
  "packages": {
    "": {
      "dependencies": {
        "jjsontree.js": "^4.6.4",
        "monaco-editor": "^0.52.0",
        "pako": "^2.1.0",
        "requirejs": "^2.3.7",
        "split-grid": "^1.0.11"
      },
      "devDependencies": {
        "@types/emscripten": "^1.39.13",
        "@types/pako": "^2.0.3",
        "@types/requirejs": "^2.1.37",
        "@webgpu/types": "^0.1.51"
      }
    },
    "node_modules/@types/emscripten": {
      "version": "1.39.13",
      "resolved": "https://registry.npmjs.org/@types/emscripten/-/emscripten-1.39.13.tgz",
      "integrity": "sha512-cFq+fO/isvhvmuP/+Sl4K4jtU6E23DoivtbO4r50e3odaxAiVdbfSYRDdJ4gCdxx+3aRjhphS5ZMwIH4hFy/Cw==",
      "dev": true
    },
    "node_modules/@types/pako": {
      "version": "2.0.3",
      "resolved": "https://registry.npmjs.org/@types/pako/-/pako-2.0.3.tgz",
      "integrity": "sha512-bq0hMV9opAcrmE0Byyo0fY3Ew4tgOevJmQ9grUhpXQhYfyLJ1Kqg3P33JT5fdbT2AjeAjR51zqqVjAL/HMkx7Q==",
      "dev": true
    },
    "node_modules/@types/requirejs": {
      "version": "2.1.37",
      "resolved": "https://registry.npmjs.org/@types/requirejs/-/requirejs-2.1.37.tgz",
      "integrity": "sha512-jmFgr3mwN2NSmtRP6IpZ2nfRS7ufSXuDYQ6YyPFArN8x5dARQcD/DXzT0J6NYbvquVT4pg9K9HWdi6e6DZR9iQ==",
      "dev": true
    },
    "node_modules/@webgpu/types": {
      "version": "0.1.51",
      "resolved": "https://registry.npmjs.org/@webgpu/types/-/types-0.1.51.tgz",
      "integrity": "sha512-ktR3u64NPjwIViNCck+z9QeyN0iPkQCUOQ07ZCV1RzlkfP+olLTeEZ95O1QHS+v4w9vJeY9xj/uJuSphsHy5rQ==",
      "dev": true
    },
    "node_modules/jjsontree.js": {
      "version": "4.7.0",
      "resolved": "https://registry.npmjs.org/jjsontree.js/-/jjsontree.js-4.7.0.tgz",
      "integrity": "sha512-6ZMjj49hJcS3klHRiPQkZqG4dLnpEUzyAGfdFNSARXui85qjfPq+Igaph/gok3eX5KcH5I8dhFqodIlCjHrw7Q=="
    },
    "node_modules/monaco-editor": {
      "version": "0.52.2",
      "resolved": "https://registry.npmjs.org/monaco-editor/-/monaco-editor-0.52.2.tgz",
      "integrity": "sha512-GEQWEZmfkOGLdd3XK8ryrfWz3AIP8YymVXiPHEdewrUq7mh0qrKrfHLNCXcbB6sTnMLnOZ3ztSiKcciFUkIJwQ=="
    },
    "node_modules/pako": {
      "version": "2.1.0",
      "resolved": "https://registry.npmjs.org/pako/-/pako-2.1.0.tgz",
      "integrity": "sha512-w+eufiZ1WuJYgPXbV/PO3NCMEc3xqylkKHzp8bxp1uW4qaSNQUkwmLLEc3kKsfz8lpV1F8Ht3U1Cm+9Srog2ug=="
    },
    "node_modules/requirejs": {
      "version": "2.3.7",
      "resolved": "https://registry.npmjs.org/requirejs/-/requirejs-2.3.7.tgz",
      "integrity": "sha512-DouTG8T1WanGok6Qjg2SXuCMzszOo0eHeH9hDZ5Y4x8Je+9JB38HdTLT4/VA8OaUhBa0JPVHJ0pyBkM1z+pDsw==",
      "bin": {
        "r_js": "bin/r.js",
        "r.js": "bin/r.js"
      },
      "engines": {
        "node": ">=0.4.0"
      }
    },
    "node_modules/split-grid": {
      "version": "1.0.11",
      "resolved": "https://registry.npmjs.org/split-grid/-/split-grid-1.0.11.tgz",
      "integrity": "sha512-ELtFtxc3r5we5GZfe6Fi0BFFxIi2M6BY1YEntBscKRDD3zx4JVHqx2VnTRSQu1BixCYSTH3MTjKd4esI2R7EgQ=="
    }
  }
}
